
Microsoft Visual Studio Solution File, Format Version 12.00
# Visual Studio Version 17
VisualStudioVersion = 17.5.002.0
MinimumVisualStudioVersion = 10.0.40219.1
Project("{9A19103F-16F7-4668-BE54-9A1E7A4F7556}") = "JuegoNaves", "JuegoNaves.csproj", "{01BC1418-CB75-435D-8095-CC1D6DB23175}"
EndProject
Global
	GlobalSection(SolutionConfigurationPlatforms) = preSolution
		Debug|Any CPU = Debug|Any CPU
		Release|Any CPU = Release|Any CPU
	EndGlobalSection
	GlobalSection(ProjectConfigurationPlatforms) = postSolution
		{01BC1418-CB75-435D-8095-CC1D6DB23175}.Debug|Any CPU.ActiveCfg = Debug|Any CPU
		{01BC1418-CB75-435D-8095-CC1D6DB23175}.Debug|Any CPU.Build.0 = Debug|Any CPU
		{01BC1418-CB75-435D-8095-CC1D6DB23175}.Release|Any CPU.ActiveCfg = Release|Any CPU
		{01BC1418-CB75-435D-8095-CC1D6DB23175}.Release|Any CPU.Build.0 = Release|Any CPU
	EndGlobalSection
	GlobalSection(SolutionProperties) = preSolution
		HideSolutionNode = FALSE
	EndGlobalSection
	GlobalSection(ExtensibilityGlobals) = postSolution
		SolutionGuid = {E2F10590-6615-4F29-A643-0F1AD22AE1AA}
	EndGlobalSection
EndGlobal
